
Microsoft Visual Studio Solution File, Format Version 12.00
# Visual Studio Version 17
VisualStudioVersion = 17.6.33723.286
MinimumVisualStudioVersion = 10.0.40219.1
Project("{9A19103F-16F7-4668-BE54-9A1E7A4F7556}") = "MovieViewerApp", "MovieViewerApp.csproj", "{3BABC046-0C92-46B1-A3E6-7C38E8D784BC}"
EndProject
Global
	GlobalSection(SolutionConfigurationPlatforms) = preSolution
		Debug|Any CPU = Debug|Any CPU
		Release|Any CPU = Release|Any CPU
	EndGlobalSection
	GlobalSection(ProjectConfigurationPlatforms) = postSolution
		{3BABC046-0C92-46B1-A3E6-7C38E8D784BC}.Debug|Any CPU.ActiveCfg = Debug|Any CPU
		{3BABC046-0C92-46B1-A3E6-7C38E8D784BC}.Debug|Any CPU.Build.0 = Debug|Any CPU
		{3BABC046-0C92-46B1-A3E6-7C38E8D784BC}.Release|Any CPU.ActiveCfg = Release|Any CPU
		{3BABC046-0C92-46B1-A3E6-7C38E8D784BC}.Release|Any CPU.Build.0 = Release|Any CPU
	EndGlobalSection
	GlobalSection(SolutionProperties) = preSolution
		HideSolutionNode = FALSE
	EndGlobalSection
	GlobalSection(ExtensibilityGlobals) = postSolution
		SolutionGuid = {970D2B0A-12BE-4C13-B2FF-B2AB6C7344A9}
	EndGlobalSection
EndGlobal
